{
  "dependencies/@aqua": {
    "rev": "9c5c42e5840e8741fba3597c48456c9510212b66"
  },
  "dependencies/aqua": {
    "rev": "9c5c42e5840e8741fba3597c48456c9510212b66"
  },
  "dependencies/forge-std": {
    "rev": "7117c90c8cf6c68e5acce4f09a6b24715cea4de6"
  },
  "dependencies/openzeppelin-contracts": {
    "rev": "03666bd5653762fc983f31cdad2e704c27397bdf"
  }
}