# This file is generated by running "yarn install" inside your project.
# Manual changes might be lost - proceed with caution!

__metadata:
  version: 6
  cacheKey: 8

"@adraffy/ens-normalize@npm:1.10.1":
  version: 1.10.1
  resolution: "@adraffy/ens-normalize@npm:1.10.1"
  checksum: 0836f394ea256972ec19a0b5e78cb7f5bcdfd48d8a32c7478afc94dd53ae44c04d1aa2303d7f3077b4f3ac2323b1f557ab9188e8059978748fdcd83e04a80dcc
  languageName: node
  linkType: hard

"@babel/runtime@npm:^7.15.4":
  version: 7.28.3
  resolution: "@babel/runtime@npm:7.28.3"
  checksum: dd22662b9e02b6e66cfb061d6f9730eb0aa3b3a390a7bd70fe9a64116d86a3704df6d54ab978cb4acc13b58dbf63a3d7dd4616b0b87030eb14a22835e0aa602d
  languageName: node
  linkType: hard

"@cspotcode/source-map-support@npm:^0.8.0":
  version: 0.8.1
  resolution: "@cspotcode/source-map-support@npm:0.8.1"
  dependencies:
    "@jridgewell/trace-mapping": 0.3.9
  checksum: 5718f267085ed8edb3e7ef210137241775e607ee18b77d95aa5bd7514f47f5019aa2d82d96b3bf342ef7aa890a346fa1044532ff7cc3009e7d24fce3ce6200fa
  languageName: node
  linkType: hard

"@jridgewell/resolve-uri@npm:^3.0.3":
  version: 3.1.2
  resolution: "@jridgewell/resolve-uri@npm:3.1.2"
  checksum: 83b85f72c59d1c080b4cbec0fef84528963a1b5db34e4370fa4bd1e3ff64a0d80e0cee7369d11d73c704e0286fb2865b530acac7a871088fbe92b5edf1000870
  languageName: node
  linkType: hard

"@jridgewell/sourcemap-codec@npm:^1.4.10":
  version: 1.5.5
  resolution: "@jridgewell/sourcemap-codec@npm:1.5.5"
  checksum: c2e36e67971f719a8a3a85ef5a5f580622437cc723c35d03ebd0c9c0b06418700ef006f58af742791f71f6a4fc68fcfaf1f6a74ec2f9a3332860e9373459dae7
  languageName: node
  linkType: hard

"@jridgewell/trace-mapping@npm:0.3.9":
  version: 0.3.9
  resolution: "@jridgewell/trace-mapping@npm:0.3.9"
  dependencies:
    "@jridgewell/resolve-uri": ^3.0.3
    "@jridgewell/sourcemap-codec": ^1.4.10
  checksum: d89597752fd88d3f3480845691a05a44bd21faac18e2185b6f436c3b0fd0c5a859fbbd9aaa92050c4052caf325ad3e10e2e1d1b64327517471b7d51babc0ddef
  languageName: node
  linkType: hard

"@noble/curves@npm:1.2.0":
  version: 1.2.0
  resolution: "@noble/curves@npm:1.2.0"
  dependencies:
    "@noble/hashes": 1.3.2
  checksum: bb798d7a66d8e43789e93bc3c2ddff91a1e19fdb79a99b86cd98f1e5eff0ee2024a2672902c2576ef3577b6f282f3b5c778bebd55761ddbb30e36bf275e83dd0
  languageName: node
  linkType: hard

"@noble/hashes@npm:1.3.2":
  version: 1.3.2
  resolution: "@noble/hashes@npm:1.3.2"
  checksum: fe23536b436539d13f90e4b9be843cc63b1b17666a07634a2b1259dded6f490be3d050249e6af98076ea8f2ea0d56f578773c2197f2aa0eeaa5fba5bc18ba474
  languageName: node
  linkType: hard

"@pythnetwork/price-service-client@npm:1.9.0":
  version: 1.9.0
  resolution: "@pythnetwork/price-service-client@npm:1.9.0"
  dependencies:
    "@pythnetwork/price-service-sdk": "*"
    "@types/ws": ^8.5.3
    axios: ^1.5.1
    axios-retry: ^3.8.0
    isomorphic-ws: ^4.0.1
    ts-log: ^2.2.4
    ws: ^8.6.0
  checksum: 97257fa0d74e3e4c3a9b0e1939951b1b236c36a0a864e37cf748286e911a0a4c7260d08050929e958531eef1acefdf1bf10a66e53b0180ba645f7224fa8d6f9b
  languageName: node
  linkType: hard

"@pythnetwork/price-service-sdk@npm:*":
  version: 1.8.0
  resolution: "@pythnetwork/price-service-sdk@npm:1.8.0"
  dependencies:
    bn.js: ^5.2.1
  checksum: e843017db8469bc50c0e77b3db39c9756ff8d1c607a45626797ec4446121b9430770abcddcc15e08be132fa6081a5d872f0f79334cefceb7a1e7455300a1a426
  languageName: node
  linkType: hard

"@pythnetwork/pyth-evm-js@npm:^1.1.0":
  version: 1.83.0
  resolution: "@pythnetwork/pyth-evm-js@npm:1.83.0"
  dependencies:
    "@pythnetwork/price-service-client": 1.9.0
    buffer: ^6.0.3
  checksum: aeb0e062e383138063c00999b2f51209c33db18f448c92b17d9f964a23a70c54ea942a5d6b33c09a493a9650a7d957dd608de01fbd51cd6ac70ed8d73ccfbb24
  languageName: node
  linkType: hard

"@tsconfig/node10@npm:^1.0.7":
  version: 1.0.11
  resolution: "@tsconfig/node10@npm:1.0.11"
  checksum: 51fe47d55fe1b80ec35e6e5ed30a13665fd3a531945350aa74a14a1e82875fb60b350c2f2a5e72a64831b1b6bc02acb6760c30b3738b54954ec2dea82db7a267
  languageName: node
  linkType: hard

"@tsconfig/node12@npm:^1.0.7":
  version: 1.0.11
  resolution: "@tsconfig/node12@npm:1.0.11"
  checksum: 5ce29a41b13e7897a58b8e2df11269c5395999e588b9a467386f99d1d26f6c77d1af2719e407621412520ea30517d718d5192a32403b8dfcc163bf33e40a338a
  languageName: node
  linkType: hard

"@tsconfig/node14@npm:^1.0.0":
  version: 1.0.3
  resolution: "@tsconfig/node14@npm:1.0.3"
  checksum: 19275fe80c4c8d0ad0abed6a96dbf00642e88b220b090418609c4376e1cef81bf16237bf170ad1b341452feddb8115d8dd2e5acdfdea1b27422071163dc9ba9d
  languageName: node
  linkType: hard

"@tsconfig/node16@npm:^1.0.2":
  version: 1.0.4
  resolution: "@tsconfig/node16@npm:1.0.4"
  checksum: 202319785901f942a6e1e476b872d421baec20cf09f4b266a1854060efbf78cde16a4d256e8bc949d31e6cd9a90f1e8ef8fb06af96a65e98338a2b6b0de0a0ff
  languageName: node
  linkType: hard

"@types/node@npm:*":
  version: 24.3.0
  resolution: "@types/node@npm:24.3.0"
  dependencies:
    undici-types: ~7.10.0
  checksum: 0f98e492032007d7be811b5598d24b6260f6ef3d21b6fe3b9ca61a1c88f70d5d94c33f361b0f2bd9a1f5963426584c7c2514e29ca69b0649f6b075e7abd551cb
  languageName: node
  linkType: hard

"@types/node@npm:22.7.5":
  version: 22.7.5
  resolution: "@types/node@npm:22.7.5"
  dependencies:
    undici-types: ~6.19.2
  checksum: 1a8bbb504efaffcef7b8491074a428e5c0b5425b0c0ffb13e7262cb8462c275e8cc5eaf90a38d8fbf52a1eeda7c01ab3b940673c43fc2414140779c973e40ec6
  languageName: node
  linkType: hard

"@types/ws@npm:^8.5.3":
  version: 8.18.1
  resolution: "@types/ws@npm:8.18.1"
  dependencies:
    "@types/node": "*"
  checksum: 0331b14cde388e2805af66cad3e3f51857db8e68ed91e5b99750915e96fe7572e58296dc99999331bbcf08f0ff00a227a0bb214e991f53c2a5aca7b0e71173fa
  languageName: node
  linkType: hard

"acorn-walk@npm:^8.1.1":
  version: 8.3.4
  resolution: "acorn-walk@npm:8.3.4"
  dependencies:
    acorn: ^8.11.0
  checksum: 4ff03f42323e7cf90f1683e08606b0f460e1e6ac263d2730e3df91c7665b6f64e696db6ea27ee4bed18c2599569be61f28a8399fa170c611161a348c402ca19c
  languageName: node
  linkType: hard

"acorn@npm:^8.11.0, acorn@npm:^8.4.1":
  version: 8.15.0
  resolution: "acorn@npm:8.15.0"
  bin:
    acorn: bin/acorn
  checksum: 309c6b49aedf1a2e34aaf266de06de04aab6eb097c02375c66fdeb0f64556a6a823540409914fb364d9a11bc30d79d485a2eba29af47992d3490e9886c4391c3
  languageName: node
  linkType: hard

"aes-js@npm:4.0.0-beta.5":
  version: 4.0.0-beta.5
  resolution: "aes-js@npm:4.0.0-beta.5"
  checksum: cc2ea969d77df939c32057f7e361b6530aa6cb93cb10617a17a45cd164e6d761002f031ff6330af3e67e58b1f0a3a8fd0b63a720afd591a653b02f649470e15b
  languageName: node
  linkType: hard

"arg@npm:^4.1.0":
  version: 4.1.3
  resolution: "arg@npm:4.1.3"
  checksum: 544af8dd3f60546d3e4aff084d451b96961d2267d668670199692f8d054f0415d86fc5497d0e641e91546f0aa920e7c29e5250e99fc89f5552a34b5d93b77f43
  languageName: node
  linkType: hard

"asynckit@npm:^0.4.0":
  version: 0.4.0
  resolution: "asynckit@npm:0.4.0"
  checksum: 7b78c451df768adba04e2d02e63e2d0bf3b07adcd6e42b4cf665cb7ce899bedd344c69a1dcbce355b5f972d597b25aaa1c1742b52cffd9caccb22f348114f6be
  languageName: node
  linkType: hard

"axios-retry@npm:^3.8.0":
  version: 3.9.1
  resolution: "axios-retry@npm:3.9.1"
  dependencies:
    "@babel/runtime": ^7.15.4
    is-retry-allowed: ^2.2.0
  checksum: 44e574ad559e4ee638e735662e9b9fcb69a1da6652adc3a75ca4b060e0fd40bdd7ac718e7743f51c0dad54149a6f3c09109275bf90298042542e80a17740a4e5
  languageName: node
  linkType: hard

"axios@npm:^1.5.1":
  version: 1.11.0
  resolution: "axios@npm:1.11.0"
  dependencies:
    follow-redirects: ^1.15.6
    form-data: ^4.0.4
    proxy-from-env: ^1.1.0
  checksum: 0a33dc600b588bfd3111b198d5985527ed89f722817455d7cdb66c1d055e5f8859cc2bebb7320888957fc8458ebe77d5f83af02af9cd260217c91c4e92b6dfb6
  languageName: node
  linkType: hard

"base64-js@npm:^1.3.1":
  version: 1.5.1
  resolution: "base64-js@npm:1.5.1"
  checksum: 669632eb3745404c2f822a18fc3a0122d2f9a7a13f7fb8b5823ee19d1d2ff9ee5b52c53367176ea4ad093c332fd5ab4bd0ebae5a8e27917a4105a4cfc86b1005
  languageName: node
  linkType: hard

"bn.js@npm:^5.2.1":
  version: 5.2.2
  resolution: "bn.js@npm:5.2.2"
  checksum: 4384d35fef785c757eb050bc1f13d60dd8e37662ca72392ae6678b35cfa2a2ae8f0494291086294683a7d977609c7878ac3cff08ecca7f74c3ca73f3acbadbe8
  languageName: node
  linkType: hard

"buffer@npm:^6.0.3":
  version: 6.0.3
  resolution: "buffer@npm:6.0.3"
  dependencies:
    base64-js: ^1.3.1
    ieee754: ^1.2.1
  checksum: 5ad23293d9a731e4318e420025800b42bf0d264004c0286c8cc010af7a270c7a0f6522e84f54b9ad65cbd6db20b8badbfd8d2ebf4f80fa03dab093b89e68c3f9
  languageName: node
  linkType: hard

"call-bind-apply-helpers@npm:^1.0.1, call-bind-apply-helpers@npm:^1.0.2":
  version: 1.0.2
  resolution: "call-bind-apply-helpers@npm:1.0.2"
  dependencies:
    es-errors: ^1.3.0
    function-bind: ^1.1.2
  checksum: b2863d74fcf2a6948221f65d95b91b4b2d90cfe8927650b506141e669f7d5de65cea191bf788838bc40d13846b7886c5bc5c84ab96c3adbcf88ad69a72fcdc6b
  languageName: node
  linkType: hard

"combined-stream@npm:^1.0.8":
  version: 1.0.8
  resolution: "combined-stream@npm:1.0.8"
  dependencies:
    delayed-stream: ~1.0.0
  checksum: 49fa4aeb4916567e33ea81d088f6584749fc90c7abec76fd516bf1c5aa5c79f3584b5ba3de6b86d26ddd64bae5329c4c7479343250cfe71c75bb366eae53bb7c
  languageName: node
  linkType: hard

"create-require@npm:^1.1.0":
  version: 1.1.1
  resolution: "create-require@npm:1.1.1"
  checksum: a9a1503d4390d8b59ad86f4607de7870b39cad43d929813599a23714831e81c520bddf61bcdd1f8e30f05fd3a2b71ae8538e946eb2786dc65c2bbc520f692eff
  languageName: node
  linkType: hard

"delayed-stream@npm:~1.0.0":
  version: 1.0.0
  resolution: "delayed-stream@npm:1.0.0"
  checksum: 46fe6e83e2cb1d85ba50bd52803c68be9bd953282fa7096f51fc29edd5d67ff84ff753c51966061e5ba7cb5e47ef6d36a91924eddb7f3f3483b1c560f77a0020
  languageName: node
  linkType: hard

"diff@npm:^4.0.1":
  version: 4.0.2
  resolution: "diff@npm:4.0.2"
  checksum: f2c09b0ce4e6b301c221addd83bf3f454c0bc00caa3dd837cf6c127d6edf7223aa2bbe3b688feea110b7f262adbfc845b757c44c8a9f8c0c5b15d8fa9ce9d20d
  languageName: node
  linkType: hard

"dotenv@npm:^16.3.1":
  version: 16.6.1
  resolution: "dotenv@npm:16.6.1"
  checksum: e8bd63c9a37f57934f7938a9cf35de698097fadf980cb6edb61d33b3e424ceccfe4d10f37130b904a973b9038627c2646a3365a904b4406514ea94d7f1816b69
  languageName: node
  linkType: hard

"dunder-proto@npm:^1.0.1":
  version: 1.0.1
  resolution: "dunder-proto@npm:1.0.1"
  dependencies:
    call-bind-apply-helpers: ^1.0.1
    es-errors: ^1.3.0
    gopd: ^1.2.0
  checksum: 149207e36f07bd4941921b0ca929e3a28f1da7bd6b6ff8ff7f4e2f2e460675af4576eeba359c635723dc189b64cdd4787e0255897d5b135ccc5d15cb8685fc90
  languageName: node
  linkType: hard

"es-define-property@npm:^1.0.1":
  version: 1.0.1
  resolution: "es-define-property@npm:1.0.1"
  checksum: 0512f4e5d564021c9e3a644437b0155af2679d10d80f21adaf868e64d30efdfbd321631956f20f42d655fedb2e3a027da479fad3fa6048f768eb453a80a5f80a
  languageName: node
  linkType: hard

"es-errors@npm:^1.3.0":
  version: 1.3.0
  resolution: "es-errors@npm:1.3.0"
  checksum: ec1414527a0ccacd7f15f4a3bc66e215f04f595ba23ca75cdae0927af099b5ec865f9f4d33e9d7e86f512f252876ac77d4281a7871531a50678132429b1271b5
  languageName: node
  linkType: hard

"es-object-atoms@npm:^1.0.0, es-object-atoms@npm:^1.1.1":
  version: 1.1.1
  resolution: "es-object-atoms@npm:1.1.1"
  dependencies:
    es-errors: ^1.3.0
  checksum: 214d3767287b12f36d3d7267ef342bbbe1e89f899cfd67040309fc65032372a8e60201410a99a1645f2f90c1912c8c49c8668066f6bdd954bcd614dda2e3da97
  languageName: node
  linkType: hard

"es-set-tostringtag@npm:^2.1.0":
  version: 2.1.0
  resolution: "es-set-tostringtag@npm:2.1.0"
  dependencies:
    es-errors: ^1.3.0
    get-intrinsic: ^1.2.6
    has-tostringtag: ^1.0.2
    hasown: ^2.0.2
  checksum: 789f35de4be3dc8d11fdcb91bc26af4ae3e6d602caa93299a8c45cf05d36cc5081454ae2a6d3afa09cceca214b76c046e4f8151e092e6fc7feeb5efb9e794fc6
  languageName: node
  linkType: hard

"ethers@npm:^6.8.1":
  version: 6.15.0
  resolution: "ethers@npm:6.15.0"
  dependencies:
    "@adraffy/ens-normalize": 1.10.1
    "@noble/curves": 1.2.0
    "@noble/hashes": 1.3.2
    "@types/node": 22.7.5
    aes-js: 4.0.0-beta.5
    tslib: 2.7.0
    ws: 8.17.1
  checksum: 3e8fb73b5cf2bef564433442adb68fe89a6da0d664c1ebe6e226fe5e7160da7010800334c3ecc53eef51ff8c10a3255fa99160e8d424f1241440043f6faa2ea1
  languageName: node
  linkType: hard

"follow-redirects@npm:^1.15.6":
  version: 1.15.11
  resolution: "follow-redirects@npm:1.15.11"
  peerDependenciesMeta:
    debug:
      optional: true
  checksum: 20bf55e9504f59e6cc3743ba27edb2ebf41edea1baab34799408f2c050f73f0c612728db21c691276296d2795ea8a812dc532a98e8793619fcab91abe06d017f
  languageName: node
  linkType: hard

"form-data@npm:^4.0.4":
  version: 4.0.4
  resolution: "form-data@npm:4.0.4"
  dependencies:
    asynckit: ^0.4.0
    combined-stream: ^1.0.8
    es-set-tostringtag: ^2.1.0
    hasown: ^2.0.2
    mime-types: ^2.1.12
  checksum: 9b7788836df9fa5a6999e0c02515b001946b2a868cfe53f026c69e2c537a2ff9fbfb8e9d2b678744628f3dc7a2d6e14e4e45dfaf68aa6239727f0bdb8ce0abf2
  languageName: node
  linkType: hard

"function-bind@npm:^1.1.2":
  version: 1.1.2
  resolution: "function-bind@npm:1.1.2"
  checksum: 2b0ff4ce708d99715ad14a6d1f894e2a83242e4a52ccfcefaee5e40050562e5f6dafc1adbb4ce2d4ab47279a45dc736ab91ea5042d843c3c092820dfe032efb1
  languageName: node
  linkType: hard

"get-intrinsic@npm:^1.2.6":
  version: 1.3.0
  resolution: "get-intrinsic@npm:1.3.0"
  dependencies:
    call-bind-apply-helpers: ^1.0.2
    es-define-property: ^1.0.1
    es-errors: ^1.3.0
    es-object-atoms: ^1.1.1
    function-bind: ^1.1.2
    get-proto: ^1.0.1
    gopd: ^1.2.0
    has-symbols: ^1.1.0
    hasown: ^2.0.2
    math-intrinsics: ^1.1.0
  checksum: 301008e4482bb9a9cb49e132b88fee093bff373b4e6def8ba219b1e96b60158a6084f273ef5cafe832e42cd93462f4accb46a618d35fe59a2b507f2388c5b79d
  languageName: node
  linkType: hard

"get-proto@npm:^1.0.1":
  version: 1.0.1
  resolution: "get-proto@npm:1.0.1"
  dependencies:
    dunder-proto: ^1.0.1
    es-object-atoms: ^1.0.0
  checksum: 4fc96afdb58ced9a67558698b91433e6b037aaa6f1493af77498d7c85b141382cf223c0e5946f334fb328ee85dfe6edd06d218eaf09556f4bc4ec6005d7f5f7b
  languageName: node
  linkType: hard

"gopd@npm:^1.2.0":
  version: 1.2.0
  resolution: "gopd@npm:1.2.0"
  checksum: cc6d8e655e360955bdccaca51a12a474268f95bb793fc3e1f2bdadb075f28bfd1fd988dab872daf77a61d78cbaf13744bc8727a17cfb1d150d76047d805375f3
  languageName: node
  linkType: hard

"has-symbols@npm:^1.0.3, has-symbols@npm:^1.1.0":
  version: 1.1.0
  resolution: "has-symbols@npm:1.1.0"
  checksum: b2316c7302a0e8ba3aaba215f834e96c22c86f192e7310bdf689dd0e6999510c89b00fbc5742571507cebf25764d68c988b3a0da217369a73596191ac0ce694b
  languageName: node
  linkType: hard

"has-tostringtag@npm:^1.0.2":
  version: 1.0.2
  resolution: "has-tostringtag@npm:1.0.2"
  dependencies:
    has-symbols: ^1.0.3
  checksum: 999d60bb753ad714356b2c6c87b7fb74f32463b8426e159397da4bde5bca7e598ab1073f4d8d4deafac297f2eb311484cd177af242776bf05f0d11565680468d
  languageName: node
  linkType: hard

"hasown@npm:^2.0.2":
  version: 2.0.2
  resolution: "hasown@npm:2.0.2"
  dependencies:
    function-bind: ^1.1.2
  checksum: e8516f776a15149ca6c6ed2ae3110c417a00b62260e222590e54aa367cbcd6ed99122020b37b7fbdf05748df57b265e70095d7bf35a47660587619b15ffb93db
  languageName: node
  linkType: hard

"ieee754@npm:^1.2.1":
  version: 1.2.1
  resolution: "ieee754@npm:1.2.1"
  checksum: 5144c0c9815e54ada181d80a0b810221a253562422e7c6c3a60b1901154184f49326ec239d618c416c1c5945a2e197107aee8d986a3dd836b53dffefd99b5e7e
  languageName: node
  linkType: hard

"is-retry-allowed@npm:^2.2.0":
  version: 2.2.0
  resolution: "is-retry-allowed@npm:2.2.0"
  checksum: 3d1103a9290b5d03626756a41054844633eac78bc5d3e3a95b13afeae94fa3cfbcf7f0b5520d83f75f48a25ce7b142fdbac4217dc4b0630f3ea55e866ec3a029
  languageName: node
  linkType: hard

"isomorphic-ws@npm:^4.0.1":
  version: 4.0.1
  resolution: "isomorphic-ws@npm:4.0.1"
  peerDependencies:
    ws: "*"
  checksum: d7190eadefdc28bdb93d67b5f0c603385aaf87724fa2974abb382ac1ec9756ed2cfb27065cbe76122879c2d452e2982bc4314317f3d6c737ddda6c047328771a
  languageName: node
  linkType: hard

"make-error@npm:^1.1.1":
  version: 1.3.6
  resolution: "make-error@npm:1.3.6"
  checksum: b86e5e0e25f7f777b77fabd8e2cbf15737972869d852a22b7e73c17623928fccb826d8e46b9951501d3f20e51ad74ba8c59ed584f610526a48f8ccf88aaec402
  languageName: node
  linkType: hard

"math-intrinsics@npm:^1.1.0":
  version: 1.1.0
  resolution: "math-intrinsics@npm:1.1.0"
  checksum: 0e513b29d120f478c85a70f49da0b8b19bc638975eca466f2eeae0071f3ad00454c621bf66e16dd435896c208e719fc91ad79bbfba4e400fe0b372e7c1c9c9a2
  languageName: node
  linkType: hard

"mime-db@npm:1.52.0":
  version: 1.52.0
  resolution: "mime-db@npm:1.52.0"
  checksum: 0d99a03585f8b39d68182803b12ac601d9c01abfa28ec56204fa330bc9f3d1c5e14beb049bafadb3dbdf646dfb94b87e24d4ec7b31b7279ef906a8ea9b6a513f
  languageName: node
  linkType: hard

"mime-types@npm:^2.1.12":
  version: 2.1.35
  resolution: "mime-types@npm:2.1.35"
  dependencies:
    mime-db: 1.52.0
  checksum: 89a5b7f1def9f3af5dad6496c5ed50191ae4331cc5389d7c521c8ad28d5fdad2d06fd81baf38fed813dc4e46bb55c8145bb0ff406330818c9cf712fb2e9b3836
  languageName: node
  linkType: hard

"proxy-from-env@npm:^1.1.0":
  version: 1.1.0
  resolution: "proxy-from-env@npm:1.1.0"
  checksum: ed7fcc2ba0a33404958e34d95d18638249a68c430e30fcb6c478497d72739ba64ce9810a24f53a7d921d0c065e5b78e3822759800698167256b04659366ca4d4
  languageName: node
  linkType: hard

"ts-log@npm:^2.2.4":
  version: 2.2.7
  resolution: "ts-log@npm:2.2.7"
  checksum: c423a5eb54abb9471578902953814d3d0c88b3f237db016998f8998ecf982cb0f748bb8ebf93670eeba9b836ff0ce407d8065a340f3ab218ea7b9442c255b3d4
  languageName: node
  linkType: hard

"ts-node@npm:^10.9.1":
  version: 10.9.2
  resolution: "ts-node@npm:10.9.2"
  dependencies:
    "@cspotcode/source-map-support": ^0.8.0
    "@tsconfig/node10": ^1.0.7
    "@tsconfig/node12": ^1.0.7
    "@tsconfig/node14": ^1.0.0
    "@tsconfig/node16": ^1.0.2
    acorn: ^8.4.1
    acorn-walk: ^8.1.1
    arg: ^4.1.0
    create-require: ^1.1.0
    diff: ^4.0.1
    make-error: ^1.1.1
    v8-compile-cache-lib: ^3.0.1
    yn: 3.1.1
  peerDependencies:
    "@swc/core": ">=1.2.50"
    "@swc/wasm": ">=1.2.50"
    "@types/node": "*"
    typescript: ">=2.7"
  peerDependenciesMeta:
    "@swc/core":
      optional: true
    "@swc/wasm":
      optional: true
  bin:
    ts-node: dist/bin.js
    ts-node-cwd: dist/bin-cwd.js
    ts-node-esm: dist/bin-esm.js
    ts-node-script: dist/bin-script.js
    ts-node-transpile-only: dist/bin-transpile.js
    ts-script: dist/bin-script-deprecated.js
  checksum: fde256c9073969e234526e2cfead42591b9a2aec5222bac154b0de2fa9e4ceb30efcd717ee8bc785a56f3a119bdd5aa27b333d9dbec94ed254bd26f8944c67ac
  languageName: node
  linkType: hard

"tslib@npm:2.7.0":
  version: 2.7.0
  resolution: "tslib@npm:2.7.0"
  checksum: 1606d5c89f88d466889def78653f3aab0f88692e80bb2066d090ca6112ae250ec1cfa9dbfaab0d17b60da15a4186e8ec4d893801c67896b277c17374e36e1d28
  languageName: node
  linkType: hard

"typescript@npm:^5.3.3":
  version: 5.9.2
  resolution: "typescript@npm:5.9.2"
  bin:
    tsc: bin/tsc
    tsserver: bin/tsserver
  checksum: f619cf6773cfe31409279711afd68cdf0859780006c50bc2a7a0c3227f85dea89a3b97248846326f3a17dad72ea90ec27cf61a8387772c680b2252fd02d8497b
  languageName: node
  linkType: hard

"typescript@patch:typescript@^5.3.3#~builtin<compat/typescript>":
  version: 5.9.2
  resolution: "typescript@patch:typescript@npm%3A5.9.2#~builtin<compat/typescript>::version=5.9.2&hash=29ae49"
  bin:
    tsc: bin/tsc
    tsserver: bin/tsserver
  checksum: e42a701947325500008334622321a6ad073f842f5e7d5e7b588a6346b31fdf51d56082b9ce5cef24312ecd3e48d6c0d4d44da7555f65e2feec18cf62ec540385
  languageName: node
  linkType: hard

"undici-types@npm:~6.19.2":
  version: 6.19.8
  resolution: "undici-types@npm:6.19.8"
  checksum: de51f1b447d22571cf155dfe14ff6d12c5bdaec237c765085b439c38ca8518fc360e88c70f99469162bf2e14188a7b0bcb06e1ed2dc031042b984b0bb9544017
  languageName: node
  linkType: hard

"undici-types@npm:~7.10.0":
  version: 7.10.0
  resolution: "undici-types@npm:7.10.0"
  checksum: 6917fcd8c80963919fe918952f9243a6749af0e3f759a39f8d2c2486144a66c86ae4125aebbce700b636cb1dcd45e85eb8c49c60d60738a97b63f0e89ef9b053
  languageName: node
  linkType: hard

"v8-compile-cache-lib@npm:^3.0.1":
  version: 3.0.1
  resolution: "v8-compile-cache-lib@npm:3.0.1"
  checksum: 78089ad549e21bcdbfca10c08850022b22024cdcc2da9b168bcf5a73a6ed7bf01a9cebb9eac28e03cd23a684d81e0502797e88f3ccd27a32aeab1cfc44c39da0
  languageName: node
  linkType: hard

"ws@npm:8.17.1":
  version: 8.17.1
  resolution: "ws@npm:8.17.1"
  peerDependencies:
    bufferutil: ^4.0.1
    utf-8-validate: ">=5.0.2"
  peerDependenciesMeta:
    bufferutil:
      optional: true
    utf-8-validate:
      optional: true
  checksum: 442badcce1f1178ec87a0b5372ae2e9771e07c4929a3180321901f226127f252441e8689d765aa5cfba5f50ac60dd830954afc5aeae81609aefa11d3ddf5cecf
  languageName: node
  linkType: hard

"ws@npm:^8.6.0":
  version: 8.18.3
  resolution: "ws@npm:8.18.3"
  peerDependencies:
    bufferutil: ^4.0.1
    utf-8-validate: ">=5.0.2"
  peerDependenciesMeta:
    bufferutil:
      optional: true
    utf-8-validate:
      optional: true
  checksum: d64ef1631227bd0c5fe21b3eb3646c9c91229402fb963d12d87b49af0a1ef757277083af23a5f85742bae1e520feddfb434cb882ea59249b15673c16dc3f36e0
  languageName: node
  linkType: hard

"yn@npm:3.1.1":
  version: 3.1.1
  resolution: "yn@npm:3.1.1"
  checksum: 2c487b0e149e746ef48cda9f8bad10fc83693cd69d7f9dcd8be4214e985de33a29c9e24f3c0d6bcf2288427040a8947406ab27f7af67ee9456e6b84854f02dd6
  languageName: node
  linkType: hard

"zetaconfluence-liquidation-bot@workspace:.":
  version: 0.0.0-use.local
  resolution: "zetaconfluence-liquidation-bot@workspace:."
  dependencies:
    "@pythnetwork/pyth-evm-js": ^1.1.0
    dotenv: ^16.3.1
    ethers: ^6.8.1
    ts-node: ^10.9.1
    typescript: ^5.3.3
  languageName: unknown
  linkType: soft
